
Microsoft Visual Studio Solution File, Format Version 12.00
# Visual Studio Version 17
VisualStudioVersion = 17.0.31903.59
MinimumVisualStudioVersion = 10.0.40219.1
Project("{FAE04EC0-301F-11D3-BF4B-00C04F79EFBC}") = "KountJwtAuth", "KountJwtAuth\KountJwtAuth.csproj", "{00F52BE7-03D8-40E5-9311-8E2254ABCF3E}"
EndProject
Project("{FAE04EC0-301F-11D3-BF4B-00C04F79EFBC}") = "KountJwtAuth.Tests", "KountJwtAuth.Tests\KountJwtAuth.Tests.csproj", "{415AF83E-D5F7-43BB-AD64-82ACEE0FCECC}"
EndProject
Project("{FAE04EC0-301F-11D3-BF4B-00C04F79EFBC}") = "ClientDemoApp", "ClientDemoApp\ClientDemoApp.csproj", "{9978EA92-AEFF-4E5A-B886-3A056C88FC38}"
EndProject
Global
	GlobalSection(SolutionConfigurationPlatforms) = preSolution
		Debug|Any CPU = Debug|Any CPU
		Release|Any CPU = Release|Any CPU
	EndGlobalSection
	GlobalSection(SolutionProperties) = preSolution
		HideSolutionNode = FALSE
	EndGlobalSection
	GlobalSection(ProjectConfigurationPlatforms) = postSolution
		{00F52BE7-03D8-40E5-9311-8E2254ABCF3E}.Debug|Any CPU.ActiveCfg = Debug|Any CPU
		{00F52BE7-03D8-40E5-9311-8E2254ABCF3E}.Debug|Any CPU.Build.0 = Debug|Any CPU
		{00F52BE7-03D8-40E5-9311-8E2254ABCF3E}.Release|Any CPU.ActiveCfg = Release|Any CPU
		{00F52BE7-03D8-40E5-9311-8E2254ABCF3E}.Release|Any CPU.Build.0 = Release|Any CPU
		{415AF83E-D5F7-43BB-AD64-82ACEE0FCECC}.Debug|Any CPU.ActiveCfg = Debug|Any CPU
		{415AF83E-D5F7-43BB-AD64-82ACEE0FCECC}.Debug|Any CPU.Build.0 = Debug|Any CPU
		{415AF83E-D5F7-43BB-AD64-82ACEE0FCECC}.Release|Any CPU.ActiveCfg = Release|Any CPU
		{415AF83E-D5F7-43BB-AD64-82ACEE0FCECC}.Release|Any CPU.Build.0 = Release|Any CPU
		{9978EA92-AEFF-4E5A-B886-3A056C88FC38}.Debug|Any CPU.ActiveCfg = Debug|Any CPU
		{9978EA92-AEFF-4E5A-B886-3A056C88FC38}.Debug|Any CPU.Build.0 = Debug|Any CPU
		{9978EA92-AEFF-4E5A-B886-3A056C88FC38}.Release|Any CPU.ActiveCfg = Release|Any CPU
		{9978EA92-AEFF-4E5A-B886-3A056C88FC38}.Release|Any CPU.Build.0 = Release|Any CPU
	EndGlobalSection
EndGlobal
